
Microsoft Visual Studio Solution File, Format Version 12.00
# Visual Studio Version 17
VisualStudioVersion = 17.5.33414.496
MinimumVisualStudioVersion = 10.0.40219.1
Project("{FAE04EC0-301F-11D3-BF4B-00C04F79EFBC}") = "SolrMvcDemo", "SolrMvcDemo\SolrMvcDemo.csproj", "{563E10FC-9C11-4354-B5C4-4EE3D5DA3207}"
EndProject
Global
	GlobalSection(SolutionConfigurationPlatforms) = preSolution
		Debug|Any CPU = Debug|Any CPU
		Release|Any CPU = Release|Any CPU
	EndGlobalSection
	GlobalSection(ProjectConfigurationPlatforms) = postSolution
		{563E10FC-9C11-4354-B5C4-4EE3D5DA3207}.Debug|Any CPU.ActiveCfg = Debug|Any CPU
		{563E10FC-9C11-4354-B5C4-4EE3D5DA3207}.Debug|Any CPU.Build.0 = Debug|Any CPU
		{563E10FC-9C11-4354-B5C4-4EE3D5DA3207}.Release|Any CPU.ActiveCfg = Release|Any CPU
		{563E10FC-9C11-4354-B5C4-4EE3D5DA3207}.Release|Any CPU.Build.0 = Release|Any CPU
	EndGlobalSection
	GlobalSection(SolutionProperties) = preSolution
		HideSolutionNode = FALSE
	EndGlobalSection
	GlobalSection(ExtensibilityGlobals) = postSolution
		SolutionGuid = {B116E945-CBBF-47BA-8115-17219BB82917}
	EndGlobalSection
EndGlobal
